// !$*UTF8*$!
{
	archiveVersion = 1;
	classes = {
	};
	objectVersion = 46;
	objects = {

/* Begin PBXBuildFile section */
		304894B41729D097000E8568 /* libUAirshipPush-1.3.3.a in Frameworks */ = {isa = PBXBuildFile; fileRef = 304894B31729D097000E8568 /* libUAirshipPush-1.3.3.a */; };
		304894BA1729D165000E8568 /* Accounts.framework in Frameworks */ = {isa = PBXBuildFile; fileRef = 304894B51729D165000E8568 /* Accounts.framework */; settings = {ATTRIBUTES = (Required, ); }; };
		304894BB1729D165000E8568 /* CoreTelephony.framework in Frameworks */ = {isa = PBXBuildFile; fileRef = 304894B61729D165000E8568 /* CoreTelephony.framework */; };
		304894BC1729D165000E8568 /* libsqlite3.dylib in Frameworks */ = {isa = PBXBuildFile; fileRef = 304894B71729D165000E8568 /* libsqlite3.dylib */; };
		304894BD1729D165000E8568 /* libz.dylib in Frameworks */ = {isa = PBXBuildFile; fileRef = 304894B81729D165000E8568 /* libz.dylib */; };
		304894BE1729D165000E8568 /* Twitter.framework in Frameworks */ = {isa = PBXBuildFile; fileRef = 304894B91729D165000E8568 /* Twitter.framework */; };
		520A0B6F1723185C00FF07BB /* CFNetwork.framework in Frameworks */ = {isa = PBXBuildFile; fileRef = 520A0B6E1723185C00FF07BB /* CFNetwork.framework */; };
		520A0B711723187600FF07BB /* CoreLocation.framework in Frameworks */ = {isa = PBXBuildFile; fileRef = 520A0B701723187600FF07BB /* CoreLocation.framework */; };
		520A0B751723189400FF07BB /* MobileCoreServices.framework in Frameworks */ = {isa = PBXBuildFile; fileRef = 520A0B741723189300FF07BB /* MobileCoreServices.framework */; };
		520A0B79172318B100FF07BB /* Security.framework in Frameworks */ = {isa = PBXBuildFile; fileRef = 520A0B78172318B100FF07BB /* Security.framework */; };
		520A0B7D172318C800FF07BB /* SystemConfiguration.framework in Frameworks */ = {isa = PBXBuildFile; fileRef = 520A0B7C172318C800FF07BB /* SystemConfiguration.framework */; };
		520A43D3169E46E9001C70B4 /* Icon@2x.png in Resources */ = {isa = PBXBuildFile; fileRef = 520A43D0169E46E9001C70B4 /* Icon@2x.png */; };
		520A43D4169E46E9001C70B4 /* Icon-72.png in Resources */ = {isa = PBXBuildFile; fileRef = 520A43D1169E46E9001C70B4 /* Icon-72.png */; };
		520A43D5169E46E9001C70B4 /* Icon.png in Resources */ = {isa = PBXBuildFile; fileRef = 520A43D2169E46E9001C70B4 /* Icon.png */; };
		524804E616A1FE7600455A03 /* SBSubCampaignDetailCell.m in Sources */ = {isa = PBXBuildFile; fileRef = 524804E516A1FE7600455A03 /* SBSubCampaignDetailCell.m */; };
		524804EA16A1FF0000455A03 /* SBPassDetailCell.m in Sources */ = {isa = PBXBuildFile; fileRef = 524804E916A1FF0000455A03 /* SBPassDetailCell.m */; };
		526F69F41688EB5500D1D11E /* SBUsersViewController.m in Sources */ = {isa = PBXBuildFile; fileRef = 526F69F31688EB5500D1D11E /* SBUsersViewController.m */; };
		526F69FB168A2F6100D1D11E /* SBUserEditViewController.m in Sources */ = {isa = PBXBuildFile; fileRef = 526F69FA168A2F6100D1D11E /* SBUserEditViewController.m */; };
		526F69FE168A367900D1D11E /* Users.m in Sources */ = {isa = PBXBuildFile; fileRef = 526F69FD168A367900D1D11E /* Users.m */; };
		5286A69316988185006EE453 /* SBMainMenuViewController.m in Sources */ = {isa = PBXBuildFile; fileRef = 5286A69216988185006EE453 /* SBMainMenuViewController.m */; };
		5286A6971698A3D9006EE453 /* SBScriptsViewController.m in Sources */ = {isa = PBXBuildFile; fileRef = 5286A6961698A3D9006EE453 /* SBScriptsViewController.m */; };
		5286A69A1698A3ED006EE453 /* SBListsViewController.m in Sources */ = {isa = PBXBuildFile; fileRef = 5286A6991698A3EC006EE453 /* SBListsViewController.m */; };
		5286A69D1698A3FE006EE453 /* SBCampaignsViewController.m in Sources */ = {isa = PBXBuildFile; fileRef = 5286A69C1698A3FE006EE453 /* SBCampaignsViewController.m */; };
		5286A6A01698A41B006EE453 /* SBSubCampaignsViewController.m in Sources */ = {isa = PBXBuildFile; fileRef = 5286A69F1698A41B006EE453 /* SBSubCampaignsViewController.m */; };
		5286A6A31698A43A006EE453 /* SBSubCampaignDetailViewController.m in Sources */ = {isa = PBXBuildFile; fileRef = 5286A6A21698A43A006EE453 /* SBSubCampaignDetailViewController.m */; };
		5286A6A61698AABA006EE453 /* SBSystemInfoViewController.m in Sources */ = {isa = PBXBuildFile; fileRef = 5286A6A51698AABA006EE453 /* SBSystemInfoViewController.m */; };
		52A247B116A2F89C00D34B16 /* 18-envelope@2x.png in Resources */ = {isa = PBXBuildFile; fileRef = 52A247AC16A2F89C00D34B16 /* 18-envelope@2x.png */; };
		52A247B216A2F89C00D34B16 /* 22-skull-n-bones@2x.png in Resources */ = {isa = PBXBuildFile; fileRef = 52A247AD16A2F89C00D34B16 /* 22-skull-n-bones@2x.png */; };
		52A247B316A2F89C00D34B16 /* 32-iphone@2x.png in Resources */ = {isa = PBXBuildFile; fileRef = 52A247AE16A2F89C00D34B16 /* 32-iphone@2x.png */; };
		52A247B416A2F89C00D34B16 /* 66-microphone@2x.png in Resources */ = {isa = PBXBuildFile; fileRef = 52A247AF16A2F89C00D34B16 /* 66-microphone@2x.png */; };
		52A247B516A2F89C00D34B16 /* 75-phone@2x.png in Resources */ = {isa = PBXBuildFile; fileRef = 52A247B016A2F89C00D34B16 /* 75-phone@2x.png */; };
		52A247BC16A2F97100D34B16 /* 18-envelope.png in Resources */ = {isa = PBXBuildFile; fileRef = 52A247B716A2F97100D34B16 /* 18-envelope.png */; };
		52A247BD16A2F97100D34B16 /* 22-skull-n-bones.png in Resources */ = {isa = PBXBuildFile; fileRef = 52A247B816A2F97100D34B16 /* 22-skull-n-bones.png */; };
		52A247BE16A2F97100D34B16 /* 32-iphone.png in Resources */ = {isa = PBXBuildFile; fileRef = 52A247B916A2F97100D34B16 /* 32-iphone.png */; };
		52A247BF16A2F97100D34B16 /* 66-microphone.png in Resources */ = {isa = PBXBuildFile; fileRef = 52A247BA16A2F97100D34B16 /* 66-microphone.png */; };
		52A247C016A2F97100D34B16 /* 75-phone.png in Resources */ = {isa = PBXBuildFile; fileRef = 52A247BB16A2F97100D34B16 /* 75-phone.png */; };
		52A247C316A2FA4800D34B16 /* 243-globe.png in Resources */ = {isa = PBXBuildFile; fileRef = 52A247C116A2FA4800D34B16 /* 243-globe.png */; };
		52A247C416A2FA4800D34B16 /* 243-globe@2x.png in Resources */ = {isa = PBXBuildFile; fileRef = 52A247C216A2FA4800D34B16 /* 243-globe@2x.png */; };
		52CD1FB31687506B004877E2 /* UIKit.framework in Frameworks */ = {isa = PBXBuildFile; fileRef = 52CD1FB21687506B004877E2 /* UIKit.framework */; };
		52CD1FB51687506C004877E2 /* Foundation.framework in Frameworks */ = {isa = PBXBuildFile; fileRef = 52CD1FB41687506B004877E2 /* Foundation.framework */; };
		52CD1FB71687506C004877E2 /* CoreGraphics.framework in Frameworks */ = {isa = PBXBuildFile; fileRef = 52CD1FB61687506C004877E2 /* CoreGraphics.framework */; };
		52CD1FBD1687506C004877E2 /* InfoPlist.strings in Resources */ = {isa = PBXBuildFile; fileRef = 52CD1FBB1687506C004877E2 /* InfoPlist.strings */; };
		52CD1FBF1687506C004877E2 /* main.m in Sources */ = {isa = PBXBuildFile; fileRef = 52CD1FBE1687506C004877E2 /* main.m */; };
		52CD1FC31687506C004877E2 /* SBAppDelegate.m in Sources */ = {isa = PBXBuildFile; fileRef = 52CD1FC21687506C004877E2 /* SBAppDelegate.m */; };
		52CD1FC51687506C004877E2 /* Default.png in Resources */ = {isa = PBXBuildFile; fileRef = 52CD1FC41687506C004877E2 /* Default.png */; };
		52CD1FC71687506C004877E2 /* Default@2x.png in Resources */ = {isa = PBXBuildFile; fileRef = 52CD1FC61687506C004877E2 /* Default@2x.png */; };
		52CD1FC91687506C004877E2 /* Default-568h@2x.png in Resources */ = {isa = PBXBuildFile; fileRef = 52CD1FC81687506C004877E2 /* Default-568h@2x.png */; };
		52CD1FCC1687506C004877E2 /* MainStoryboard_iPhone.storyboard in Resources */ = {isa = PBXBuildFile; fileRef = 52CD1FCA1687506C004877E2 /* MainStoryboard_iPhone.storyboard */; };
		52CD1FCF1687506C004877E2 /* MainStoryboard_iPad.storyboard in Resources */ = {isa = PBXBuildFile; fileRef = 52CD1FCD1687506C004877E2 /* MainStoryboard_iPad.storyboard */; };
		52CD1FEC16878EFE004877E2 /* brick.png in Resources */ = {isa = PBXBuildFile; fileRef = 52CD1FE316878EFE004877E2 /* brick.png */; };
		52CD1FED16878EFE004877E2 /* email.png in Resources */ = {isa = PBXBuildFile; fileRef = 52CD1FE416878EFE004877E2 /* email.png */; };
		52CD1FEE16878EFE004877E2 /* group.png in Resources */ = {isa = PBXBuildFile; fileRef = 52CD1FE516878EFE004877E2 /* group.png */; };
		52CD1FEF16878EFE004877E2 /* information.png in Resources */ = {isa = PBXBuildFile; fileRef = 52CD1FE616878EFE004877E2 /* information.png */; };
		52CD1FF016878EFE004877E2 /* phone.png in Resources */ = {isa = PBXBuildFile; fileRef = 52CD1FE716878EFE004877E2 /* phone.png */; };
		52CD1FF116878EFE004877E2 /* report.png in Resources */ = {isa = PBXBuildFile; fileRef = 52CD1FE816878EFE004877E2 /* report.png */; };
		52CD1FF216878EFE004877E2 /* script.png in Resources */ = {isa = PBXBuildFile; fileRef = 52CD1FE916878EFE004877E2 /* script.png */; };
		52CD1FF316878EFE004877E2 /* telephone.png in Resources */ = {isa = PBXBuildFile; fileRef = 52CD1FEA16878EFE004877E2 /* telephone.png */; };
		52CD1FF416878EFE004877E2 /* user.png in Resources */ = {isa = PBXBuildFile; fileRef = 52CD1FEB16878EFE004877E2 /* user.png */; };
		52CD1FF9168792F1004877E2 /* Pro Dots - iPad.png in Resources */ = {isa = PBXBuildFile; fileRef = 52CD1FF5168792F1004877E2 /* Pro Dots - iPad.png */; };
		52CD1FFA168792F1004877E2 /* Pro Dots - iPad@2x.png in Resources */ = {isa = PBXBuildFile; fileRef = 52CD1FF6168792F1004877E2 /* Pro Dots - iPad@2x.png */; };
		52CD1FFB168792F1004877E2 /* Pro Dots - iPhone.png in Resources */ = {isa = PBXBuildFile; fileRef = 52CD1FF7168792F1004877E2 /* Pro Dots - iPhone.png */; };
		52CD1FFC168792F1004877E2 /* Pro Dots - iPhone@2x.png in Resources */ = {isa = PBXBuildFile; fileRef = 52CD1FF8168792F1004877E2 /* Pro Dots - iPhone@2x.png */; };
		52D2E10516A639BD003ED1FE /* 06-magnify.png in Resources */ = {isa = PBXBuildFile; fileRef = 52D2E0F916A639BD003ED1FE /* 06-magnify.png */; };
		52D2E10616A639BD003ED1FE /* 06-magnify@2x.png in Resources */ = {isa = PBXBuildFile; fileRef = 52D2E0FA16A639BD003ED1FE /* 06-magnify@2x.png */; };
		52D2E10716A639BD003ED1FE /* 40-dialpad.png in Resources */ = {isa = PBXBuildFile; fileRef = 52D2E0FB16A639BD003ED1FE /* 40-dialpad.png */; };
		52D2E10816A639BD003ED1FE /* 40-dialpad@2x.png in Resources */ = {isa = PBXBuildFile; fileRef = 52D2E0FC16A639BD003ED1FE /* 40-dialpad@2x.png */; };
		52D2E10916A639BD003ED1FE /* 203-spiderweb.png in Resources */ = {isa = PBXBuildFile; fileRef = 52D2E0FD16A639BD003ED1FE /* 203-spiderweb.png */; };
		52D2E10A16A639BD003ED1FE /* 203-spiderweb@2x.png in Resources */ = {isa = PBXBuildFile; fileRef = 52D2E0FE16A639BD003ED1FE /* 203-spiderweb@2x.png */; };
		52D2E10B16A639BD003ED1FE /* 401-globe.png in Resources */ = {isa = PBXBuildFile; fileRef = 52D2E0FF16A639BD003ED1FE /* 401-globe.png */; };
		52D2E10C16A639BD003ED1FE /* 401-globe@2x.png in Resources */ = {isa = PBXBuildFile; fileRef = 52D2E10016A639BD003ED1FE /* 401-globe@2x.png */; };
		52D2E10D16A639BD003ED1FE /* Icon-Small-50.png in Resources */ = {isa = PBXBuildFile; fileRef = 52D2E10216A639BD003ED1FE /* Icon-Small-50.png */; };
		52D2E10E16A639BD003ED1FE /* Icon-Small.png in Resources */ = {isa = PBXBuildFile; fileRef = 52D2E10316A639BD003ED1FE /* Icon-Small.png */; };
		52D2E10F16A639BD003ED1FE /* Icon-Small@2x.png in Resources */ = {isa = PBXBuildFile; fileRef = 52D2E10416A639BD003ED1FE /* Icon-Small@2x.png */; };
		52EA1B4C1688D9B900C80C42 /* GDataXMLNode.m in Sources */ = {isa = PBXBuildFile; fileRef = 52EA1B4B1688D9B900C80C42 /* GDataXMLNode.m */; };
		52EA1B501688D9F200C80C42 /* SBSoap2.m in Sources */ = {isa = PBXBuildFile; fileRef = 52EA1B4F1688D9F200C80C42 /* SBSoap2.m */; };
		52EA1B531688DB5C00C80C42 /* libxml2.dylib in Frameworks */ = {isa = PBXBuildFile; fileRef = 52EA1B521688DB5C00C80C42 /* libxml2.dylib */; };
		52EA1B561688DC3400C80C42 /* User.m in Sources */ = {isa = PBXBuildFile; fileRef = 52EA1B551688DC3400C80C42 /* User.m */; };
		52EA1B5F1688DD6F00C80C42 /* SBList.m in Sources */ = {isa = PBXBuildFile; fileRef = 52EA1B581688DD6E00C80C42 /* SBList.m */; };
		52EA1B601688DD6F00C80C42 /* SBLists.m in Sources */ = {isa = PBXBuildFile; fileRef = 52EA1B5A1688DD6E00C80C42 /* SBLists.m */; };
		52EA1B611688DD6F00C80C42 /* SBScripts.m in Sources */ = {isa = PBXBuildFile; fileRef = 52EA1B5C1688DD6E00C80C42 /* SBScripts.m */; };
		52EA1B621688DD6F00C80C42 /* SBSubCampaigns.m in Sources */ = {isa = PBXBuildFile; fileRef = 52EA1B5E1688DD6F00C80C42 /* SBSubCampaigns.m */; };
		52EA1B651688DDDF00C80C42 /* SBCampaigns.m in Sources */ = {isa = PBXBuildFile; fileRef = 52EA1B641688DDDF00C80C42 /* SBCampaigns.m */; };
/* End PBXBuildFile section */

/* Begin PBXFileReference section */
		304894B31729D097000E8568 /* libUAirshipPush-1.3.3.a */ = {isa = PBXFileReference; lastKnownFileType = archive.ar; path = "libUAirshipPush-1.3.3.a"; sourceTree = "<group>"; };
		304894B51729D165000E8568 /* Accounts.framework */ = {isa = PBXFileReference; lastKnownFileType = wrapper.framework; name = Accounts.framework; path = System/Library/Frameworks/Accounts.framework; sourceTree = SDKROOT; };
		304894B61729D165000E8568 /* CoreTelephony.framework */ = {isa = PBXFileReference; lastKnownFileType = wrapper.framework; name = CoreTelephony.framework; path = System/Library/Frameworks/CoreTelephony.framework; sourceTree = SDKROOT; };
		304894B71729D165000E8568 /* libsqlite3.dylib */ = {isa = PBXFileReference; lastKnownFileType = "compiled.mach-o.dylib"; name = libsqlite3.dylib; path = usr/lib/libsqlite3.dylib; sourceTree = SDKROOT; };
		304894B81729D165000E8568 /* libz.dylib */ = {isa = PBXFileReference; lastKnownFileType = "compiled.mach-o.dylib"; name = libz.dylib; path = usr/lib/libz.dylib; sourceTree = SDKROOT; };
		304894B91729D165000E8568 /* Twitter.framework */ = {isa = PBXFileReference; lastKnownFileType = wrapper.framework; name = Twitter.framework; path = System/Library/Frameworks/Twitter.framework; sourceTree = SDKROOT; };
		30AC574218C8AFCD00038C24 /* SBSoapXML.h */ = {isa = PBXFileReference; fileEncoding = 4; lastKnownFileType = sourcecode.c.h; path = SBSoapXML.h; sourceTree = "<group>"; };
		520A0B6E1723185C00FF07BB /* CFNetwork.framework */ = {isa = PBXFileReference; lastKnownFileType = wrapper.framework; name = CFNetwork.framework; path = System/Library/Frameworks/CFNetwork.framework; sourceTree = SDKROOT; };
		520A0B701723187600FF07BB /* CoreLocation.framework */ = {isa = PBXFileReference; lastKnownFileType = wrapper.framework; name = CoreLocation.framework; path = System/Library/Frameworks/CoreLocation.framework; sourceTree = SDKROOT; };
		520A0B741723189300FF07BB /* MobileCoreServices.framework */ = {isa = PBXFileReference; lastKnownFileType = wrapper.framework; name = MobileCoreServices.framework; path = System/Library/Frameworks/MobileCoreServices.framework; sourceTree = SDKROOT; };
		520A0B78172318B100FF07BB /* Security.framework */ = {isa = PBXFileReference; lastKnownFileType = wrapper.framework; name = Security.framework; path = System/Library/Frameworks/Security.framework; sourceTree = SDKROOT; };
		520A0B7C172318C800FF07BB /* SystemConfiguration.framework */ = {isa = PBXFileReference; lastKnownFileType = wrapper.framework; name = SystemConfiguration.framework; path = System/Library/Frameworks/SystemConfiguration.framework; sourceTree = SDKROOT; };
		520A43D0169E46E9001C70B4 /* Icon@2x.png */ = {isa = PBXFileReference; lastKnownFileType = image.png; path = "Icon@2x.png"; sourceTree = "<group>"; };
		520A43D1169E46E9001C70B4 /* Icon-72.png */ = {isa = PBXFileReference; lastKnownFileType = image.png; path = "Icon-72.png"; sourceTree = "<group>"; };
		520A43D2169E46E9001C70B4 /* Icon.png */ = {isa = PBXFileReference; lastKnownFileType = image.png; path = Icon.png; sourceTree = "<group>"; };
		524804E416A1FE7600455A03 /* SBSubCampaignDetailCell.h */ = {isa = PBXFileReference; fileEncoding = 4; lastKnownFileType = sourcecode.c.h; path = SBSubCampaignDetailCell.h; sourceTree = "<group>"; };
		524804E516A1FE7600455A03 /* SBSubCampaignDetailCell.m */ = {isa = PBXFileReference; fileEncoding = 4; lastKnownFileType = sourcecode.c.objc; path = SBSubCampaignDetailCell.m; sourceTree = "<group>"; };
		524804E816A1FF0000455A03 /* SBPassDetailCell.h */ = {isa = PBXFileReference; fileEncoding = 4; lastKnownFileType = sourcecode.c.h; path = SBPassDetailCell.h; sourceTree = "<group>"; };
		524804E916A1FF0000455A03 /* SBPassDetailCell.m */ = {isa = PBXFileReference; fileEncoding = 4; lastKnownFileType = sourcecode.c.objc; path = SBPassDetailCell.m; sourceTree = "<group>"; };
		526F69F21688EB5500D1D11E /* SBUsersViewController.h */ = {isa = PBXFileReference; fileEncoding = 4; lastKnownFileType = sourcecode.c.h; path = SBUsersViewController.h; sourceTree = "<group>"; };
		526F69F31688EB5500D1D11E /* SBUsersViewController.m */ = {isa = PBXFileReference; fileEncoding = 4; lastKnownFileType = sourcecode.c.objc; path = SBUsersViewController.m; sourceTree = "<group>"; };
		526F69F9168A2F6100D1D11E /* SBUserEditViewController.h */ = {isa = PBXFileReference; fileEncoding = 4; lastKnownFileType = sourcecode.c.h; path = SBUserEditViewController.h; sourceTree = "<group>"; };
		526F69FA168A2F6100D1D11E /* SBUserEditViewController.m */ = {isa = PBXFileReference; fileEncoding = 4; lastKnownFileType = sourcecode.c.objc; path = SBUserEditViewController.m; sourceTree = "<group>"; };
		526F69FC168A367900D1D11E /* Users.h */ = {isa = PBXFileReference; fileEncoding = 4; lastKnownFileType = sourcecode.c.h; path = Users.h; sourceTree = "<group>"; };
		526F69FD168A367900D1D11E /* Users.m */ = {isa = PBXFileReference; fileEncoding = 4; lastKnownFileType = sourcecode.c.objc; path = Users.m; sourceTree = "<group>"; };
		5286A69116988185006EE453 /* SBMainMenuViewController.h */ = {isa = PBXFileReference; fileEncoding = 4; lastKnownFileType = sourcecode.c.h; path = SBMainMenuViewController.h; sourceTree = "<group>"; };
		5286A69216988185006EE453 /* SBMainMenuViewController.m */ = {isa = PBXFileReference; fileEncoding = 4; lastKnownFileType = sourcecode.c.objc; path = SBMainMenuViewController.m; sourceTree = "<group>"; };
		5286A6951698A3D9006EE453 /* SBScriptsViewController.h */ = {isa = PBXFileReference; fileEncoding = 4; lastKnownFileType = sourcecode.c.h; path = SBScriptsViewController.h; sourceTree = "<group>"; };
		5286A6961698A3D9006EE453 /* SBScriptsViewController.m */ = {isa = PBXFileReference; fileEncoding = 4; lastKnownFileType = sourcecode.c.objc; path = SBScriptsViewController.m; sourceTree = "<group>"; };
		5286A6981698A3EC006EE453 /* SBListsViewController.h */ = {isa = PBXFileReference; fileEncoding = 4; lastKnownFileType = sourcecode.c.h; path = SBListsViewController.h; sourceTree = "<group>"; };
		5286A6991698A3EC006EE453 /* SBListsViewController.m */ = {isa = PBXFileReference; fileEncoding = 4; lastKnownFileType = sourcecode.c.objc; path = SBListsViewController.m; sourceTree = "<group>"; };
		5286A69B1698A3FE006EE453 /* SBCampaignsViewController.h */ = {isa = PBXFileReference; fileEncoding = 4; lastKnownFileType = sourcecode.c.h; path = SBCampaignsViewController.h; sourceTree = "<group>"; };
		5286A69C1698A3FE006EE453 /* SBCampaignsViewController.m */ = {isa = PBXFileReference; fileEncoding = 4; lastKnownFileType = sourcecode.c.objc; path = SBCampaignsViewController.m; sourceTree = "<group>"; };
		5286A69E1698A41B006EE453 /* SBSubCampaignsViewController.h */ = {isa = PBXFileReference; fileEncoding = 4; lastKnownFileType = sourcecode.c.h; path = SBSubCampaignsViewController.h; sourceTree = "<group>"; };
		5286A69F1698A41B006EE453 /* SBSubCampaignsViewController.m */ = {isa = PBXFileReference; fileEncoding = 4; lastKnownFileType = sourcecode.c.objc; path = SBSubCampaignsViewController.m; sourceTree = "<group>"; };
		5286A6A11698A43A006EE453 /* SBSubCampaignDetailViewController.h */ = {isa = PBXFileReference; fileEncoding = 4; lastKnownFileType = sourcecode.c.h; path = SBSubCampaignDetailViewController.h; sourceTree = "<group>"; };
		5286A6A21698A43A006EE453 /* SBSubCampaignDetailViewController.m */ = {isa = PBXFileReference; fileEncoding = 4; lastKnownFileType = sourcecode.c.objc; path = SBSubCampaignDetailViewController.m; sourceTree = "<group>"; };
		5286A6A41698AABA006EE453 /* SBSystemInfoViewController.h */ = {isa = PBXFileReference; fileEncoding = 4; lastKnownFileType = sourcecode.c.h; path = SBSystemInfoViewController.h; sourceTree = "<group>"; };
		5286A6A51698AABA006EE453 /* SBSystemInfoViewController.m */ = {isa = PBXFileReference; fileEncoding = 4; lastKnownFileType = sourcecode.c.objc; path = SBSystemInfoViewController.m; sourceTree = "<group>"; };
		52A247AC16A2F89C00D34B16 /* 18-envelope@2x.png */ = {isa = PBXFileReference; lastKnownFileType = image.png; path = "18-envelope@2x.png"; sourceTree = "<group>"; };
		52A247AD16A2F89C00D34B16 /* 22-skull-n-bones@2x.png */ = {isa = PBXFileReference; lastKnownFileType = image.png; path = "22-skull-n-bones@2x.png"; sourceTree = "<group>"; };
		52A247AE16A2F89C00D34B16 /* 32-iphone@2x.png */ = {isa = PBXFileReference; lastKnownFileType = image.png; path = "32-iphone@2x.png"; sourceTree = "<group>"; };
		52A247AF16A2F89C00D34B16 /* 66-microphone@2x.png */ = {isa = PBXFileReference; lastKnownFileType = image.png; path = "66-microphone@2x.png"; sourceTree = "<group>"; };
		52A247B016A2F89C00D34B16 /* 75-phone@2x.png */ = {isa = PBXFileReference; lastKnownFileType = image.png; path = "75-phone@2x.png"; sourceTree = "<group>"; };
		52A247B716A2F97100D34B16 /* 18-envelope.png */ = {isa = PBXFileReference; lastKnownFileType = image.png; path = "18-envelope.png"; sourceTree = "<group>"; };
		52A247B816A2F97100D34B16 /* 22-skull-n-bones.png */ = {isa = PBXFileReference; lastKnownFileType = image.png; path = "22-skull-n-bones.png"; sourceTree = "<group>"; };
		52A247B916A2F97100D34B16 /* 32-iphone.png */ = {isa = PBXFileReference; lastKnownFileType = image.png; path = "32-iphone.png"; sourceTree = "<group>"; };
		52A247BA16A2F97100D34B16 /* 66-microphone.png */ = {isa = PBXFileReference; lastKnownFileType = image.png; path = "66-microphone.png"; sourceTree = "<group>"; };
		52A247BB16A2F97100D34B16 /* 75-phone.png */ = {isa = PBXFileReference; lastKnownFileType = image.png; path = "75-phone.png"; sourceTree = "<group>"; };
		52A247C116A2FA4800D34B16 /* 243-globe.png */ = {isa = PBXFileReference; lastKnownFileType = image.png; path = "243-globe.png"; sourceTree = "<group>"; };
		52A247C216A2FA4800D34B16 /* 243-globe@2x.png */ = {isa = PBXFileReference; lastKnownFileType = image.png; path = "243-globe@2x.png"; sourceTree = "<group>"; };
		52CD1FAE1687506B004877E2 /* SoundBite.app */ = {isa = PBXFileReference; explicitFileType = wrapper.application; includeInIndex = 0; path = SoundBite.app; sourceTree = BUILT_PRODUCTS_DIR; };
		52CD1FB21687506B004877E2 /* UIKit.framework */ = {isa = PBXFileReference; lastKnownFileType = wrapper.framework; name = UIKit.framework; path = System/Library/Frameworks/UIKit.framework; sourceTree = SDKROOT; };
		52CD1FB41687506B004877E2 /* Foundation.framework */ = {isa = PBXFileReference; lastKnownFileType = wrapper.framework; name = Foundation.framework; path = System/Library/Frameworks/Foundation.framework; sourceTree = SDKROOT; };
		52CD1FB61687506C004877E2 /* CoreGraphics.framework */ = {isa = PBXFileReference; lastKnownFileType = wrapper.framework; name = CoreGraphics.framework; path = System/Library/Frameworks/CoreGraphics.framework; sourceTree = SDKROOT; };
		52CD1FBA1687506C004877E2 /* SoundBite-Info.plist */ = {isa = PBXFileReference; lastKnownFileType = text.plist.xml; path = "SoundBite-Info.plist"; sourceTree = "<group>"; };
		52CD1FBC1687506C004877E2 /* en */ = {isa = PBXFileReference; lastKnownFileType = text.plist.strings; name = en; path = en.lproj/InfoPlist.strings; sourceTree = "<group>"; };
		52CD1FBE1687506C004877E2 /* main.m */ = {isa = PBXFileReference; lastKnownFileType = sourcecode.c.objc; path = main.m; sourceTree = "<group>"; };
		52CD1FC01687506C004877E2 /* SoundBite-Prefix.pch */ = {isa = PBXFileReference; lastKnownFileType = sourcecode.c.h; path = "SoundBite-Prefix.pch"; sourceTree = "<group>"; };
		52CD1FC11687506C004877E2 /* SBAppDelegate.h */ = {isa = PBXFileReference; lastKnownFileType = sourcecode.c.h; path = SBAppDelegate.h; sourceTree = "<group>"; };
		52CD1FC21687506C004877E2 /* SBAppDelegate.m */ = {isa = PBXFileReference; lastKnownFileType = sourcecode.c.objc; path = SBAppDelegate.m; sourceTree = "<group>"; };
		52CD1FC41687506C004877E2 /* Default.png */ = {isa = PBXFileReference; lastKnownFileType = image.png; path = Default.png; sourceTree = "<group>"; };
		52CD1FC61687506C004877E2 /* Default@2x.png */ = {isa = PBXFileReference; lastKnownFileType = image.png; path = "Default@2x.png"; sourceTree = "<group>"; };
		52CD1FC81687506C004877E2 /* Default-568h@2x.png */ = {isa = PBXFileReference; lastKnownFileType = image.png; path = "Default-568h@2x.png"; sourceTree = "<group>"; };
		52CD1FCB1687506C004877E2 /* en */ = {isa = PBXFileReference; lastKnownFileType = file.storyboard; name = en; path = en.lproj/MainStoryboard_iPhone.storyboard; sourceTree = "<group>"; };
		52CD1FCE1687506C004877E2 /* en */ = {isa = PBXFileReference; lastKnownFileType = file.storyboard; name = en; path = en.lproj/MainStoryboard_iPad.storyboard; sourceTree = "<group>"; };
		52CD1FE316878EFE004877E2 /* brick.png */ = {isa = PBXFileReference; lastKnownFileType = image.png; path = brick.png; sourceTree = "<group>"; };
		52CD1FE416878EFE004877E2 /* email.png */ = {isa = PBXFileReference; lastKnownFileType = image.png; path = email.png; sourceTree = "<group>"; };
		52CD1FE516878EFE004877E2 /* group.png */ = {isa = PBXFileReference; lastKnownFileType = image.png; path = group.png; sourceTree = "<group>"; };
		52CD1FE616878EFE004877E2 /* information.png */ = {isa = PBXFileReference; lastKnownFileType = image.png; path = information.png; sourceTree = "<group>"; };
		52CD1FE716878EFE004877E2 /* phone.png */ = {isa = PBXFileReference; lastKnownFileType = image.png; path = phone.png; sourceTree = "<group>"; };
		52CD1FE816878EFE004877E2 /* report.png */ = {isa = PBXFileReference; lastKnownFileType = image.png; path = report.png; sourceTree = "<group>"; };
		52CD1FE916878EFE004877E2 /* script.png */ = {isa = PBXFileReference; lastKnownFileType = image.png; path = script.png; sourceTree = "<group>"; };
		52CD1FEA16878EFE004877E2 /* telephone.png */ = {isa = PBXFileReference; lastKnownFileType = image.png; path = telephone.png; sourceTree = "<group>"; };
		52CD1FEB16878EFE004877E2 /* user.png */ = {isa = PBXFileReference; lastKnownFileType = image.png; path = user.png; sourceTree = "<group>"; };
		52CD1FF5168792F1004877E2 /* Pro Dots - iPad.png */ = {isa = PBXFileReference; lastKnownFileType = image.png; path = "Pro Dots - iPad.png"; sourceTree = "<group>"; };
		52CD1FF6168792F1004877E2 /* Pro Dots - iPad@2x.png */ = {isa = PBXFileReference; lastKnownFileType = image.png; path = "Pro Dots - iPad@2x.png"; sourceTree = "<group>"; };
		52CD1FF7168792F1004877E2 /* Pro Dots - iPhone.png */ = {isa = PBXFileReference; lastKnownFileType = image.png; path = "Pro Dots - iPhone.png"; sourceTree = "<group>"; };
		52CD1FF8168792F1004877E2 /* Pro Dots - iPhone@2x.png */ = {isa = PBXFileReference; lastKnownFileType = image.png; path = "Pro Dots - iPhone@2x.png"; sourceTree = "<group>"; };
		52D2E0F916A639BD003ED1FE /* 06-magnify.png */ = {isa = PBXFileReference; lastKnownFileType = image.png; path = "06-magnify.png"; sourceTree = "<group>"; };
		52D2E0FA16A639BD003ED1FE /* 06-magnify@2x.png */ = {isa = PBXFileReference; lastKnownFileType = image.png; path = "06-magnify@2x.png"; sourceTree = "<group>"; };
		52D2E0FB16A639BD003ED1FE /* 40-dialpad.png */ = {isa = PBXFileReference; lastKnownFileType = image.png; path = "40-dialpad.png"; sourceTree = "<group>"; };
		52D2E0FC16A639BD003ED1FE /* 40-dialpad@2x.png */ = {isa = PBXFileReference; lastKnownFileType = image.png; path = "40-dialpad@2x.png"; sourceTree = "<group>"; };
		52D2E0FD16A639BD003ED1FE /* 203-spiderweb.png */ = {isa = PBXFileReference; lastKnownFileType = image.png; path = "203-spiderweb.png"; sourceTree = "<group>"; };
		52D2E0FE16A639BD003ED1FE /* 203-spiderweb@2x.png */ = {isa = PBXFileReference; lastKnownFileType = image.png; path = "203-spiderweb@2x.png"; sourceTree = "<group>"; };
		52D2E0FF16A639BD003ED1FE /* 401-globe.png */ = {isa = PBXFileReference; lastKnownFileType = image.png; path = "401-globe.png"; sourceTree = "<group>"; };
		52D2E10016A639BD003ED1FE /* 401-globe@2x.png */ = {isa = PBXFileReference; lastKnownFileType = image.png; path = "401-globe@2x.png"; sourceTree = "<group>"; };
		52D2E10116A639BD003ED1FE /* ChannelTypes.h */ = {isa = PBXFileReference; fileEncoding = 4; lastKnownFileType = sourcecode.c.h; path = ChannelTypes.h; sourceTree = "<group>"; };
		52D2E10216A639BD003ED1FE /* Icon-Small-50.png */ = {isa = PBXFileReference; lastKnownFileType = image.png; path = "Icon-Small-50.png"; sourceTree = "<group>"; };
		52D2E10316A639BD003ED1FE /* Icon-Small.png */ = {isa = PBXFileReference; lastKnownFileType = image.png; path = "Icon-Small.png"; sourceTree = "<group>"; };
		52D2E10416A639BD003ED1FE /* Icon-Small@2x.png */ = {isa = PBXFileReference; lastKnownFileType = image.png; path = "Icon-Small@2x.png"; sourceTree = "<group>"; };
		52EA1B491688D9B900C80C42 /* CWLSynthesizeSingleton.h */ = {isa = PBXFileReference; fileEncoding = 4; lastKnownFileType = sourcecode.c.h; path = CWLSynthesizeSingleton.h; sourceTree = "<group>"; };
		52EA1B4A1688D9B900C80C42 /* GDataXMLNode.h */ = {isa = PBXFileReference; fileEncoding = 4; lastKnownFileType = sourcecode.c.h; path = GDataXMLNode.h; sourceTree = "<group>"; };
		52EA1B4B1688D9B900C80C42 /* GDataXMLNode.m */ = {isa = PBXFileReference; fileEncoding = 4; lastKnownFileType = sourcecode.c.objc; path = GDataXMLNode.m; sourceTree = "<group>"; };
		52EA1B4E1688D9F200C80C42 /* SBSoap2.h */ = {isa = PBXFileReference; fileEncoding = 4; lastKnownFileType = sourcecode.c.h; path = SBSoap2.h; sourceTree = "<group>"; };
		52EA1B4F1688D9F200C80C42 /* SBSoap2.m */ = {isa = PBXFileReference; fileEncoding = 4; lastKnownFileType = sourcecode.c.objc; path = SBSoap2.m; sourceTree = "<group>"; };
		52EA1B521688DB5C00C80C42 /* libxml2.dylib */ = {isa = PBXFileReference; lastKnownFileType = "compiled.mach-o.dylib"; name = libxml2.dylib; path = usr/lib/libxml2.dylib; sourceTree = SDKROOT; };
		52EA1B541688DC3400C80C42 /* User.h */ = {isa = PBXFileReference; fileEncoding = 4; lastKnownFileType = sourcecode.c.h; path = User.h; sourceTree = "<group>"; };
		52EA1B551688DC3400C80C42 /* User.m */ = {isa = PBXFileReference; fileEncoding = 4; lastKnownFileType = sourcecode.c.objc; path = User.m; sourceTree = "<group>"; };
		52EA1B571688DD6E00C80C42 /* SBList.h */ = {isa = PBXFileReference; fileEncoding = 4; lastKnownFileType = sourcecode.c.h; path = SBList.h; sourceTree = "<group>"; };
		52EA1B581688DD6E00C80C42 /* SBList.m */ = {isa = PBXFileReference; fileEncoding = 4; lastKnownFileType = sourcecode.c.objc; path = SBList.m; sourceTree = "<group>"; };
		52EA1B591688DD6E00C80C42 /* SBLists.h */ = {isa = PBXFileReference; fileEncoding = 4; lastKnownFileType = sourcecode.c.h; path = SBLists.h; sourceTree = "<group>"; };
		52EA1B5A1688DD6E00C80C42 /* SBLists.m */ = {isa = PBXFileReference; fileEncoding = 4; lastKnownFileType = sourcecode.c.objc; path = SBLists.m; sourceTree = "<group>"; };
		52EA1B5B1688DD6E00C80C42 /* SBScripts.h */ = {isa = PBXFileReference; fileEncoding = 4; lastKnownFileType = sourcecode.c.h; path = SBScripts.h; sourceTree = "<group>"; };
		52EA1B5C1688DD6E00C80C42 /* SBScripts.m */ = {isa = PBXFileReference; fileEncoding = 4; lastKnownFileType = sourcecode.c.objc; path = SBScripts.m; sourceTree = "<group>"; };
		52EA1B5D1688DD6F00C80C42 /* SBSubCampaigns.h */ = {isa = PBXFileReference; fileEncoding = 4; lastKnownFileType = sourcecode.c.h; path = SBSubCampaigns.h; sourceTree = "<group>"; };
		52EA1B5E1688DD6F00C80C42 /* SBSubCampaigns.m */ = {isa = PBXFileReference; fileEncoding = 4; lastKnownFileType = sourcecode.c.objc; path = SBSubCampaigns.m; sourceTree = "<group>"; };
		52EA1B631688DDDF00C80C42 /* SBCampaigns.h */ = {isa = PBXFileReference; fileEncoding = 4; lastKnownFileType = sourcecode.c.h; path = SBCampaigns.h; sourceTree = "<group>"; };
		52EA1B641688DDDF00C80C42 /* SBCampaigns.m */ = {isa = PBXFileReference; fileEncoding = 4; lastKnownFileType = sourcecode.c.objc; path = SBCampaigns.m; sourceTree = "<group>"; };
/* End PBXFileReference section */

/* Begin PBXFrameworksBuildPhase section */
		52CD1FAB1687506B004877E2 /* Frameworks */ = {
			isa = PBXFrameworksBuildPhase;
			buildActionMask = 2147483647;
			files = (
				304894BA1729D165000E8568 /* Accounts.framework in Frameworks */,
				304894BB1729D165000E8568 /* CoreTelephony.framework in Frameworks */,
				304894BC1729D165000E8568 /* libsqlite3.dylib in Frameworks */,
				304894BD1729D165000E8568 /* libz.dylib in Frameworks */,
				304894BE1729D165000E8568 /* Twitter.framework in Frameworks */,
				520A0B6F1723185C00FF07BB /* CFNetwork.framework in Frameworks */,
				520A0B711723187600FF07BB /* CoreLocation.framework in Frameworks */,
				520A0B751723189400FF07BB /* MobileCoreServices.framework in Frameworks */,
				520A0B79172318B100FF07BB /* Security.framework in Frameworks */,
				520A0B7D172318C800FF07BB /* SystemConfiguration.framework in Frameworks */,
				52CD1FB71687506C004877E2 /* CoreGraphics.framework in Frameworks */,
				52EA1B531688DB5C00C80C42 /* libxml2.dylib in Frameworks */,
				52CD1FB31687506B004877E2 /* UIKit.framework in Frameworks */,
				52CD1FB51687506C004877E2 /* Foundation.framework in Frameworks */,
				304894B41729D097000E8568 /* libUAirshipPush-1.3.3.a in Frameworks */,
			);
			runOnlyForDeploymentPostprocessing = 0;
		};
/* End PBXFrameworksBuildPhase section */

/* Begin PBXGroup section */
		52CD1FA31687506B004877E2 = {
			isa = PBXGroup;
			children = (
				52CD1FB81687506C004877E2 /* SoundBite */,
				52EA1B521688DB5C00C80C42 /* libxml2.dylib */,
				52CD1FB11687506B004877E2 /* Frameworks */,
				52CD1FAF1687506B004877E2 /* Products */,
			);
			sourceTree = "<group>";
		};
		52CD1FAF1687506B004877E2 /* Products */ = {
			isa = PBXGroup;
			children = (
				52CD1FAE1687506B004877E2 /* SoundBite.app */,
			);
			name = Products;
			sourceTree = "<group>";
		};
		52CD1FB11687506B004877E2 /* Frameworks */ = {
			isa = PBXGroup;
			children = (
				304894B51729D165000E8568 /* Accounts.framework */,
				520A0B6E1723185C00FF07BB /* CFNetwork.framework */,
				52CD1FB61687506C004877E2 /* CoreGraphics.framework */,
				520A0B701723187600FF07BB /* CoreLocation.framework */,
				304894B61729D165000E8568 /* CoreTelephony.framework */,
				52CD1FB41687506B004877E2 /* Foundation.framework */,
				304894B71729D165000E8568 /* libsqlite3.dylib */,
				304894B31729D097000E8568 /* libUAirshipPush-1.3.3.a */,
				304894B81729D165000E8568 /* libz.dylib */,
				520A0B741723189300FF07BB /* MobileCoreServices.framework */,
				520A0B78172318B100FF07BB /* Security.framework */,
				520A0B7C172318C800FF07BB /* SystemConfiguration.framework */,
				304894B91729D165000E8568 /* Twitter.framework */,
				52CD1FB21687506B004877E2 /* UIKit.framework */,
			);
			name = Frameworks;
			sourceTree = "<group>";
		};
		52CD1FB81687506C004877E2 /* SoundBite */ = {
			isa = PBXGroup;
			children = (
				52EA1B511688D9FE00C80C42 /* model */,
				52EA1B491688D9B900C80C42 /* CWLSynthesizeSingleton.h */,
				52CD1FC11687506C004877E2 /* SBAppDelegate.h */,
				52CD1FC21687506C004877E2 /* SBAppDelegate.m */,
				52CD1FCA1687506C004877E2 /* MainStoryboard_iPhone.storyboard */,
				52CD1FCD1687506C004877E2 /* MainStoryboard_iPad.storyboard */,
				526F69F21688EB5500D1D11E /* SBUsersViewController.h */,
				526F69F31688EB5500D1D11E /* SBUsersViewController.m */,
				526F69F9168A2F6100D1D11E /* SBUserEditViewController.h */,
				526F69FA168A2F6100D1D11E /* SBUserEditViewController.m */,
				5286A69116988185006EE453 /* SBMainMenuViewController.h */,
				5286A69216988185006EE453 /* SBMainMenuViewController.m */,
				5286A6951698A3D9006EE453 /* SBScriptsViewController.h */,
				5286A6961698A3D9006EE453 /* SBScriptsViewController.m */,
				5286A6981698A3EC006EE453 /* SBListsViewController.h */,
				5286A6991698A3EC006EE453 /* SBListsViewController.m */,
				5286A69B1698A3FE006EE453 /* SBCampaignsViewController.h */,
				5286A69C1698A3FE006EE453 /* SBCampaignsViewController.m */,
				5286A69E1698A41B006EE453 /* SBSubCampaignsViewController.h */,
				5286A69F1698A41B006EE453 /* SBSubCampaignsViewController.m */,
				5286A6A11698A43A006EE453 /* SBSubCampaignDetailViewController.h */,
				5286A6A21698A43A006EE453 /* SBSubCampaignDetailViewController.m */,
				52D2E10116A639BD003ED1FE /* ChannelTypes.h */,
				524804E416A1FE7600455A03 /* SBSubCampaignDetailCell.h */,
				524804E516A1FE7600455A03 /* SBSubCampaignDetailCell.m */,
				524804E816A1FF0000455A03 /* SBPassDetailCell.h */,
				524804E916A1FF0000455A03 /* SBPassDetailCell.m */,
				5286A6A41698AABA006EE453 /* SBSystemInfoViewController.h */,
				5286A6A51698AABA006EE453 /* SBSystemInfoViewController.m */,
				52CD1FE216878EC3004877E2 /* graphics */,
				52CD1FB91687506C004877E2 /* Supporting Files */,
			);
			path = SoundBite;
			sourceTree = "<group>";
		};
		52CD1FB91687506C004877E2 /* Supporting Files */ = {
			isa = PBXGroup;
			children = (
				52CD1FBA1687506C004877E2 /* SoundBite-Info.plist */,
				52CD1FBB1687506C004877E2 /* InfoPlist.strings */,
				52CD1FBE1687506C004877E2 /* main.m */,
				52CD1FC01687506C004877E2 /* SoundBite-Prefix.pch */,
				52CD1FC41687506C004877E2 /* Default.png */,
				52CD1FC61687506C004877E2 /* Default@2x.png */,
				52CD1FC81687506C004877E2 /* Default-568h@2x.png */,
				520A43D0169E46E9001C70B4 /* Icon@2x.png */,
				520A43D1169E46E9001C70B4 /* Icon-72.png */,
				520A43D2169E46E9001C70B4 /* Icon.png */,
				52D2E10216A639BD003ED1FE /* Icon-Small-50.png */,
				52D2E10316A639BD003ED1FE /* Icon-Small.png */,
				52D2E10416A639BD003ED1FE /* Icon-Small@2x.png */,
			);
			name = "Supporting Files";
			sourceTree = "<group>";
		};
		52CD1FE216878EC3004877E2 /* graphics */ = {
			isa = PBXGroup;
			children = (
				52A247B716A2F97100D34B16 /* 18-envelope.png */,
				52A247AC16A2F89C00D34B16 /* 18-envelope@2x.png */,
				52A247B816A2F97100D34B16 /* 22-skull-n-bones.png */,
				52A247AD16A2F89C00D34B16 /* 22-skull-n-bones@2x.png */,
				52A247B916A2F97100D34B16 /* 32-iphone.png */,
				52A247AE16A2F89C00D34B16 /* 32-iphone@2x.png */,
				52A247BA16A2F97100D34B16 /* 66-microphone.png */,
				52A247AF16A2F89C00D34B16 /* 66-microphone@2x.png */,
				52A247BB16A2F97100D34B16 /* 75-phone.png */,
				52A247B016A2F89C00D34B16 /* 75-phone@2x.png */,
				52D2E0F916A639BD003ED1FE /* 06-magnify.png */,
				52D2E0FA16A639BD003ED1FE /* 06-magnify@2x.png */,
				52D2E0FB16A639BD003ED1FE /* 40-dialpad.png */,
				52D2E0FC16A639BD003ED1FE /* 40-dialpad@2x.png */,
				52D2E0FD16A639BD003ED1FE /* 203-spiderweb.png */,
				52D2E0FE16A639BD003ED1FE /* 203-spiderweb@2x.png */,
				52D2E0FF16A639BD003ED1FE /* 401-globe.png */,
				52D2E10016A639BD003ED1FE /* 401-globe@2x.png */,
				52A247C116A2FA4800D34B16 /* 243-globe.png */,
				52A247C216A2FA4800D34B16 /* 243-globe@2x.png */,
				52CD1FF5168792F1004877E2 /* Pro Dots - iPad.png */,
				52CD1FF6168792F1004877E2 /* Pro Dots - iPad@2x.png */,
				52CD1FF7168792F1004877E2 /* Pro Dots - iPhone.png */,
				52CD1FF8168792F1004877E2 /* Pro Dots - iPhone@2x.png */,
				52CD1FE316878EFE004877E2 /* brick.png */,
				52CD1FE416878EFE004877E2 /* email.png */,
				52CD1FE516878EFE004877E2 /* group.png */,
				52CD1FE616878EFE004877E2 /* information.png */,
				52CD1FE716878EFE004877E2 /* phone.png */,
				52CD1FE816878EFE004877E2 /* report.png */,
				52CD1FE916878EFE004877E2 /* script.png */,
				52CD1FEA16878EFE004877E2 /* telephone.png */,
				52CD1FEB16878EFE004877E2 /* user.png */,
			);
			name = graphics;
			sourceTree = "<group>";
		};
		52EA1B511688D9FE00C80C42 /* model */ = {
			isa = PBXGroup;
			children = (
				52EA1B4E1688D9F200C80C42 /* SBSoap2.h */,
				30AC574218C8AFCD00038C24 /* SBSoapXML.h */,
				52EA1B4F1688D9F200C80C42 /* SBSoap2.m */,
				52EA1B541688DC3400C80C42 /* User.h */,
				52EA1B551688DC3400C80C42 /* User.m */,
				526F69FC168A367900D1D11E /* Users.h */,
				526F69FD168A367900D1D11E /* Users.m */,
				52EA1B631688DDDF00C80C42 /* SBCampaigns.h */,
				52EA1B641688DDDF00C80C42 /* SBCampaigns.m */,
				52EA1B5D1688DD6F00C80C42 /* SBSubCampaigns.h */,
				52EA1B5E1688DD6F00C80C42 /* SBSubCampaigns.m */,
				52EA1B591688DD6E00C80C42 /* SBLists.h */,
				52EA1B5A1688DD6E00C80C42 /* SBLists.m */,
				52EA1B571688DD6E00C80C42 /* SBList.h */,
				52EA1B581688DD6E00C80C42 /* SBList.m */,
				52EA1B5B1688DD6E00C80C42 /* SBScripts.h */,
				52EA1B5C1688DD6E00C80C42 /* SBScripts.m */,
				52EA1B4A1688D9B900C80C42 /* GDataXMLNode.h */,
				52EA1B4B1688D9B900C80C42 /* GDataXMLNode.m */,
			);
			name = model;
			sourceTree = "<group>";
		};
/* End PBXGroup section */

/* Begin PBXNativeTarget section */
		52CD1FAD1687506B004877E2 /* SoundBite */ = {
			isa = PBXNativeTarget;
			buildConfigurationList = 52CD1FD81687506C004877E2 /* Build configuration list for PBXNativeTarget "SoundBite" */;
			buildPhases = (
				52CD1FAA1687506B004877E2 /* Sources */,
				52CD1FAB1687506B004877E2 /* Frameworks */,
				52CD1FAC1687506B004877E2 /* Resources */,
				52C1C13316CE448D004DEEE6 /* ShellScript */,
			);
			buildRules = (
			);
			dependencies = (
			);
			name = SoundBite;
			productName = SoundBite;
			productReference = 52CD1FAE1687506B004877E2 /* SoundBite.app */;
			productType = "com.apple.product-type.application";
		};
/* End PBXNativeTarget section */

/* Begin PBXProject section */
		52CD1FA51687506B004877E2 /* Project object */ = {
			isa = PBXProject;
			attributes = {
				CLASSPREFIX = SB;
				LastUpgradeCheck = 0450;
				ORGANIZATIONNAME = "John Keyes";
			};
			buildConfigurationList = 52CD1FA81687506B004877E2 /* Build configuration list for PBXProject "SoundBite" */;
			compatibilityVersion = "Xcode 3.2";
			developmentRegion = English;
			hasScannedForEncodings = 0;
			knownRegions = (
				en,
			);
			mainGroup = 52CD1FA31687506B004877E2;
			productRefGroup = 52CD1FAF1687506B004877E2 /* Products */;
			projectDirPath = "";
			projectRoot = "";
			targets = (
				52CD1FAD1687506B004877E2 /* SoundBite */,
			);
		};
/* End PBXProject section */

/* Begin PBXResourcesBuildPhase section */
		52CD1FAC1687506B004877E2 /* Resources */ = {
			isa = PBXResourcesBuildPhase;
			buildActionMask = 2147483647;
			files = (
				52CD1FBD1687506C004877E2 /* InfoPlist.strings in Resources */,
				52CD1FC51687506C004877E2 /* Default.png in Resources */,
				52CD1FC71687506C004877E2 /* Default@2x.png in Resources */,
				52CD1FC91687506C004877E2 /* Default-568h@2x.png in Resources */,
				52CD1FCC1687506C004877E2 /* MainStoryboard_iPhone.storyboard in Resources */,
				52CD1FCF1687506C004877E2 /* MainStoryboard_iPad.storyboard in Resources */,
				52CD1FEC16878EFE004877E2 /* brick.png in Resources */,
				52CD1FED16878EFE004877E2 /* email.png in Resources */,
				52CD1FEE16878EFE004877E2 /* group.png in Resources */,
				52CD1FEF16878EFE004877E2 /* information.png in Resources */,
				52CD1FF016878EFE004877E2 /* phone.png in Resources */,
				52CD1FF116878EFE004877E2 /* report.png in Resources */,
				52CD1FF216878EFE004877E2 /* script.png in Resources */,
				52CD1FF316878EFE004877E2 /* telephone.png in Resources */,
				52CD1FF416878EFE004877E2 /* user.png in Resources */,
				52CD1FF9168792F1004877E2 /* Pro Dots - iPad.png in Resources */,
				52CD1FFA168792F1004877E2 /* Pro Dots - iPad@2x.png in Resources */,
				52CD1FFB168792F1004877E2 /* Pro Dots - iPhone.png in Resources */,
				52CD1FFC168792F1004877E2 /* Pro Dots - iPhone@2x.png in Resources */,
				520A43D3169E46E9001C70B4 /* Icon@2x.png in Resources */,
				520A43D4169E46E9001C70B4 /* Icon-72.png in Resources */,
				520A43D5169E46E9001C70B4 /* Icon.png in Resources */,
				52A247B116A2F89C00D34B16 /* 18-envelope@2x.png in Resources */,
				52A247B216A2F89C00D34B16 /* 22-skull-n-bones@2x.png in Resources */,
				52A247B316A2F89C00D34B16 /* 32-iphone@2x.png in Resources */,
				52A247B416A2F89C00D34B16 /* 66-microphone@2x.png in Resources */,
				52A247B516A2F89C00D34B16 /* 75-phone@2x.png in Resources */,
				52A247BC16A2F97100D34B16 /* 18-envelope.png in Resources */,
				52A247BD16A2F97100D34B16 /* 22-skull-n-bones.png in Resources */,
				52A247BE16A2F97100D34B16 /* 32-iphone.png in Resources */,
				52A247BF16A2F97100D34B16 /* 66-microphone.png in Resources */,
				52A247C016A2F97100D34B16 /* 75-phone.png in Resources */,
				52A247C316A2FA4800D34B16 /* 243-globe.png in Resources */,
				52A247C416A2FA4800D34B16 /* 243-globe@2x.png in Resources */,
				52D2E10516A639BD003ED1FE /* 06-magnify.png in Resources */,
				52D2E10616A639BD003ED1FE /* 06-magnify@2x.png in Resources */,
				52D2E10716A639BD003ED1FE /* 40-dialpad.png in Resources */,
				52D2E10816A639BD003ED1FE /* 40-dialpad@2x.png in Resources */,
				52D2E10916A639BD003ED1FE /* 203-spiderweb.png in Resources */,
				52D2E10A16A639BD003ED1FE /* 203-spiderweb@2x.png in Resources */,
				52D2E10B16A639BD003ED1FE /* 401-globe.png in Resources */,
				52D2E10C16A639BD003ED1FE /* 401-globe@2x.png in Resources */,
				52D2E10D16A639BD003ED1FE /* Icon-Small-50.png in Resources */,
				52D2E10E16A639BD003ED1FE /* Icon-Small.png in Resources */,
				52D2E10F16A639BD003ED1FE /* Icon-Small@2x.png in Resources */,
			);
			runOnlyForDeploymentPostprocessing = 0;
		};
/* End PBXResourcesBuildPhase section */

/* Begin PBXShellScriptBuildPhase section */
		52C1C13316CE448D004DEEE6 /* ShellScript */ = {
			isa = PBXShellScriptBuildPhase;
			buildActionMask = 2147483647;
			files = (
			);
			inputPaths = (
			);
			outputPaths = (
			);
			runOnlyForDeploymentPostprocessing = 0;
			shellPath = /bin/sh;
			shellScript = "";
		};
/* End PBXShellScriptBuildPhase section */

/* Begin PBXSourcesBuildPhase section */
		52CD1FAA1687506B004877E2 /* Sources */ = {
			isa = PBXSourcesBuildPhase;
			buildActionMask = 2147483647;
			files = (
				52CD1FBF1687506C004877E2 /* main.m in Sources */,
				52CD1FC31687506C004877E2 /* SBAppDelegate.m in Sources */,
				52EA1B4C1688D9B900C80C42 /* GDataXMLNode.m in Sources */,
				52EA1B501688D9F200C80C42 /* SBSoap2.m in Sources */,
				52EA1B561688DC3400C80C42 /* User.m in Sources */,
				52EA1B5F1688DD6F00C80C42 /* SBList.m in Sources */,
				52EA1B601688DD6F00C80C42 /* SBLists.m in Sources */,
				52EA1B611688DD6F00C80C42 /* SBScripts.m in Sources */,
				52EA1B621688DD6F00C80C42 /* SBSubCampaigns.m in Sources */,
				52EA1B651688DDDF00C80C42 /* SBCampaigns.m in Sources */,
				526F69F41688EB5500D1D11E /* SBUsersViewController.m in Sources */,
				526F69FB168A2F6100D1D11E /* SBUserEditViewController.m in Sources */,
				526F69FE168A367900D1D11E /* Users.m in Sources */,
				5286A69316988185006EE453 /* SBMainMenuViewController.m in Sources */,
				5286A6971698A3D9006EE453 /* SBScriptsViewController.m in Sources */,
				5286A69A1698A3ED006EE453 /* SBListsViewController.m in Sources */,
				5286A69D1698A3FE006EE453 /* SBCampaignsViewController.m in Sources */,
				5286A6A01698A41B006EE453 /* SBSubCampaignsViewController.m in Sources */,
				5286A6A31698A43A006EE453 /* SBSubCampaignDetailViewController.m in Sources */,
				5286A6A61698AABA006EE453 /* SBSystemInfoViewController.m in Sources */,
				524804E616A1FE7600455A03 /* SBSubCampaignDetailCell.m in Sources */,
				524804EA16A1FF0000455A03 /* SBPassDetailCell.m in Sources */,
			);
			runOnlyForDeploymentPostprocessing = 0;
		};
/* End PBXSourcesBuildPhase section */

/* Begin PBXVariantGroup section */
		52CD1FBB1687506C004877E2 /* InfoPlist.strings */ = {
			isa = PBXVariantGroup;
			children = (
				52CD1FBC1687506C004877E2 /* en */,
			);
			name = InfoPlist.strings;
			sourceTree = "<group>";
		};
		52CD1FCA1687506C004877E2 /* MainStoryboard_iPhone.storyboard */ = {
			isa = PBXVariantGroup;
			children = (
				52CD1FCB1687506C004877E2 /* en */,
			);
			name = MainStoryboard_iPhone.storyboard;
			sourceTree = "<group>";
		};
		52CD1FCD1687506C004877E2 /* MainStoryboard_iPad.storyboard */ = {
			isa = PBXVariantGroup;
			children = (
				52CD1FCE1687506C004877E2 /* en */,
			);
			name = MainStoryboard_iPad.storyboard;
			sourceTree = "<group>";
		};
/* End PBXVariantGroup section */

/* Begin XCBuildConfiguration section */
		52CD1FD61687506C004877E2 /* Debug */ = {
			isa = XCBuildConfiguration;
			buildSettings = {
				ALWAYS_SEARCH_USER_PATHS = NO;
				CLANG_CXX_LANGUAGE_STANDARD = "gnu++0x";
				CLANG_CXX_LIBRARY = "libc++";
				CLANG_ENABLE_OBJC_ARC = YES;
				CLANG_WARN_EMPTY_BODY = YES;
				CLANG_WARN__DUPLICATE_METHOD_MATCH = YES;
				"CODE_SIGN_IDENTITY[sdk=iphoneos*]" = "iPhone Developer";
				COPY_PHASE_STRIP = NO;
				FRAMEWORK_SEARCH_PATHS = "";
				"FRAMEWORK_SEARCH_PATHS[arch=*]" = "/Users/jkeyes/Dropbox/Developer/SoundBite/**";
				GCC_C_LANGUAGE_STANDARD = gnu99;
				GCC_DYNAMIC_NO_PIC = NO;
				GCC_OPTIMIZATION_LEVEL = 0;
				GCC_PREPROCESSOR_DEFINITIONS = (
					"DEBUG=1",
					"$(inherited)",
				);
				GCC_SYMBOLS_PRIVATE_EXTERN = NO;
				GCC_WARN_ABOUT_RETURN_TYPE = YES;
				GCC_WARN_UNINITIALIZED_AUTOS = YES;
				GCC_WARN_UNUSED_VARIABLE = YES;
				IPHONEOS_DEPLOYMENT_TARGET = 6.0;
				ONLY_ACTIVE_ARCH = YES;
				OTHER_LDFLAGS = "-ObjC";
				"PROVISIONING_PROFILE[sdk=iphoneos*]" = "";
				SDKROOT = iphoneos;
				TARGETED_DEVICE_FAMILY = "1,2";
			};
			name = Debug;
		};
		52CD1FD71687506C004877E2 /* Release */ = {
			isa = XCBuildConfiguration;
			buildSettings = {
				ALWAYS_SEARCH_USER_PATHS = NO;
				CLANG_CXX_LANGUAGE_STANDARD = "gnu++0x";
				CLANG_CXX_LIBRARY = "libc++";
				CLANG_ENABLE_OBJC_ARC = YES;
				CLANG_WARN_EMPTY_BODY = YES;
				CLANG_WARN__DUPLICATE_METHOD_MATCH = YES;
				CODE_SIGN_IDENTITY = "iPhone Distribution";
				"CODE_SIGN_IDENTITY[sdk=iphoneos*]" = "iPhone Distribution";
				COPY_PHASE_STRIP = YES;
				FRAMEWORK_SEARCH_PATHS = "";
				"FRAMEWORK_SEARCH_PATHS[arch=*]" = "/Users/jkeyes/Dropbox/Developer/SoundBite/**";
				GCC_C_LANGUAGE_STANDARD = gnu99;
				GCC_WARN_ABOUT_RETURN_TYPE = YES;
				GCC_WARN_UNINITIALIZED_AUTOS = YES;
				GCC_WARN_UNUSED_VARIABLE = YES;
				IPHONEOS_DEPLOYMENT_TARGET = 6.0;
				OTHER_CFLAGS = "-DNS_BLOCK_ASSERTIONS=1";
				OTHER_LDFLAGS = "-ObjC";
				PROVISIONING_PROFILE = "";
				"PROVISIONING_PROFILE[sdk=iphoneos*]" = "";
				SDKROOT = iphoneos;
				TARGETED_DEVICE_FAMILY = "1,2";
				VALIDATE_PRODUCT = YES;
			};
			name = Release;
		};
		52CD1FD91687506C004877E2 /* Debug */ = {
			isa = XCBuildConfiguration;
			buildSettings = {
				FRAMEWORK_SEARCH_PATHS = /Users/jkeyes/Dropbox/Developer/SoundBite;
				"FRAMEWORK_SEARCH_PATHS[arch=*]" = "";
				GCC_PRECOMPILE_PREFIX_HEADER = YES;
				GCC_PREFIX_HEADER = "SoundBite/SoundBite-Prefix.pch";
				HEADER_SEARCH_PATHS = "${SDKROOT}/usr/include/libxml2";
				INFOPLIST_FILE = "SoundBite/SoundBite-Info.plist";
				LIBRARY_SEARCH_PATHS = (
					"$(inherited)",
					"\"$(SRCROOT)\"",
				);
				PRODUCT_NAME = "$(TARGET_NAME)";
				WRAPPER_EXTENSION = app;
			};
			name = Debug;
		};
		52CD1FDA1687506C004877E2 /* Release */ = {
			isa = XCBuildConfiguration;
			buildSettings = {
				FRAMEWORK_SEARCH_PATHS = "";
				GCC_PRECOMPILE_PREFIX_HEADER = YES;
				GCC_PREFIX_HEADER = "SoundBite/SoundBite-Prefix.pch";
				HEADER_SEARCH_PATHS = "${SDKROOT}/usr/include/libxml2";
				INFOPLIST_FILE = "SoundBite/SoundBite-Info.plist";
				LIBRARY_SEARCH_PATHS = (
					"$(inherited)",
					"\"$(SRCROOT)\"",
				);
				PRODUCT_NAME = "$(TARGET_NAME)";
				WRAPPER_EXTENSION = app;
			};
			name = Release;
		};
/* End XCBuildConfiguration section */

/* Begin XCConfigurationList section */
		52CD1FA81687506B004877E2 /* Build configuration list for PBXProject "SoundBite" */ = {
			isa = XCConfigurationList;
			buildConfigurations = (
				52CD1FD61687506C004877E2 /* Debug */,
				52CD1FD71687506C004877E2 /* Release */,
			);
			defaultConfigurationIsVisible = 0;
			defaultConfigurationName = Release;
		};
		52CD1FD81687506C004877E2 /* Build configuration list for PBXNativeTarget "SoundBite" */ = {
			isa = XCConfigurationList;
			buildConfigurations = (
				52CD1FD91687506C004877E2 /* Debug */,
				52CD1FDA1687506C004877E2 /* Release */,
			);
			defaultConfigurationIsVisible = 0;
			defaultConfigurationName = Release;
		};
/* End XCConfigurationList section */
	};
	rootObject = 52CD1FA51687506B004877E2 /* Project object */;
}
